// !$*UTF8*$!
{
	archiveVersion = 1;
	classes = {
	};
	objectVersion = 48;
	objects = {

/* Begin PBXBuildFile section */
		11B1B6FD1F8F159000BAAF31 /* AppDelegate.m in Sources */ = {isa = PBXBuildFile; fileRef = 11B1B6FC1F8F159000BAAF31 /* AppDelegate.m */; };
		11B1B7031F8F159000BAAF31 /* Main.storyboard in Resources */ = {isa = PBXBuildFile; fileRef = 11B1B7011F8F159000BAAF31 /* Main.storyboard */; };
		11B1B7051F8F159000BAAF31 /* Assets.xcassets in Resources */ = {isa = PBXBuildFile; fileRef = 11B1B7041F8F159000BAAF31 /* Assets.xcassets */; };
		11B1B7081F8F159000BAAF31 /* LaunchScreen.storyboard in Resources */ = {isa = PBXBuildFile; fileRef = 11B1B7061F8F159000BAAF31 /* LaunchScreen.storyboard */; };
		11B1B70B1F8F159000BAAF31 /* main.m in Sources */ = {isa = PBXBuildFile; fileRef = 11B1B70A1F8F159000BAAF31 /* main.m */; };
		11B1B71A1F8F160000BAAF31 /* Tool.m in Sources */ = {isa = PBXBuildFile; fileRef = 11B1B7131F8F160000BAAF31 /* Tool.m */; };
		11B1B71B1F8F160000BAAF31 /* TableViewController.m in Sources */ = {isa = PBXBuildFile; fileRef = 11B1B7161F8F160000BAAF31 /* TableViewController.m */; };
		11B1B71C1F8F160000BAAF31 /* TableViewCell.m in Sources */ = {isa = PBXBuildFile; fileRef = 11B1B7191F8F160000BAAF31 /* TableViewCell.m */; };
/* End PBXBuildFile section */

/* Begin PBXFileReference section */
		11B1B6F81F8F159000BAAF31 /* MYTVC.app */ = {isa = PBXFileReference; explicitFileType = wrapper.application; includeInIndex = 0; path = MYTVC.app; sourceTree = BUILT_PRODUCTS_DIR; };
		11B1B6FB1F8F159000BAAF31 /* AppDelegate.h */ = {isa = PBXFileReference; lastKnownFileType = sourcecode.c.h; path = AppDelegate.h; sourceTree = "<group>"; };
		11B1B6FC1F8F159000BAAF31 /* AppDelegate.m */ = {isa = PBXFileReference; lastKnownFileType = sourcecode.c.objc; path = AppDelegate.m; sourceTree = "<group>"; };
		11B1B7021F8F159000BAAF31 /* Base */ = {isa = PBXFileReference; lastKnownFileType = file.storyboard; name = Base; path = Base.lproj/Main.storyboard; sourceTree = "<group>"; };
		11B1B7041F8F159000BAAF31 /* Assets.xcassets */ = {isa = PBXFileReference; lastKnownFileType = folder.assetcatalog; path = Assets.xcassets; sourceTree = "<group>"; };
		11B1B7071F8F159000BAAF31 /* Base */ = {isa = PBXFileReference; lastKnownFileType = file.storyboard; name = Base; path = Base.lproj/LaunchScreen.storyboard; sourceTree = "<group>"; };
		11B1B7091F8F159000BAAF31 /* Info.plist */ = {isa = PBXFileReference; lastKnownFileType = text.plist.xml; path = Info.plist; sourceTree = "<group>"; };
		11B1B70A1F8F159000BAAF31 /* main.m */ = {isa = PBXFileReference; lastKnownFileType = sourcecode.c.objc; path = main.m; sourceTree = "<group>"; };
		11B1B7121F8F160000BAAF31 /* Tool.h */ = {isa = PBXFileReference; fileEncoding = 4; lastKnownFileType = sourcecode.c.h; path = Tool.h; sourceTree = "<group>"; };
		11B1B7131F8F160000BAAF31 /* Tool.m */ = {isa = PBXFileReference; fileEncoding = 4; lastKnownFileType = sourcecode.c.objc; path = Tool.m; sourceTree = "<group>"; };
		11B1B7151F8F160000BAAF31 /* TableViewController.h */ = {isa = PBXFileReference; fileEncoding = 4; lastKnownFileType = sourcecode.c.h; path = TableViewController.h; sourceTree = "<group>"; };
		11B1B7161F8F160000BAAF31 /* TableViewController.m */ = {isa = PBXFileReference; fileEncoding = 4; lastKnownFileType = sourcecode.c.objc; path = TableViewController.m; sourceTree = "<group>"; };
		11B1B7181F8F160000BAAF31 /* TableViewCell.h */ = {isa = PBXFileReference; fileEncoding = 4; lastKnownFileType = sourcecode.c.h; path = TableViewCell.h; sourceTree = "<group>"; };
		11B1B7191F8F160000BAAF31 /* TableViewCell.m */ = {isa = PBXFileReference; fileEncoding = 4; lastKnownFileType = sourcecode.c.objc; path = TableViewCell.m; sourceTree = "<group>"; };
/* End PBXFileReference section */

/* Begin PBXFrameworksBuildPhase section */
		11B1B6F51F8F159000BAAF31 /* Frameworks */ = {
			isa = PBXFrameworksBuildPhase;
			buildActionMask = 2147483647;
			files = (
			);
			runOnlyForDeploymentPostprocessing = 0;
		};
/* End PBXFrameworksBuildPhase section */

/* Begin PBXGroup section */
		11B1B6EF1F8F159000BAAF31 = {
			isa = PBXGroup;
			children = (
				11B1B6FA1F8F159000BAAF31 /* MYTVC */,
				11B1B6F91F8F159000BAAF31 /* Products */,
			);
			sourceTree = "<group>";
		};
		11B1B6F91F8F159000BAAF31 /* Products */ = {
			isa = PBXGroup;
			children = (
				11B1B6F81F8F159000BAAF31 /* MYTVC.app */,
			);
			name = Products;
			sourceTree = "<group>";
		};
		11B1B6FA1F8F159000BAAF31 /* MYTVC */ = {
			isa = PBXGroup;
			children = (
				11B1B7111F8F160000BAAF31 /* Tool */,
				11B1B7141F8F160000BAAF31 /* VC */,
				11B1B7171F8F160000BAAF31 /* View */,
				11B1B6FB1F8F159000BAAF31 /* AppDelegate.h */,
				11B1B6FC1F8F159000BAAF31 /* AppDelegate.m */,
				11B1B7011F8F159000BAAF31 /* Main.storyboard */,
				11B1B7041F8F159000BAAF31 /* Assets.xcassets */,
				11B1B7061F8F159000BAAF31 /* LaunchScreen.storyboard */,
				11B1B7091F8F159000BAAF31 /* Info.plist */,
				11B1B70A1F8F159000BAAF31 /* main.m */,
			);
			path = MYTVC;
			sourceTree = "<group>";
		};
		11B1B7111F8F160000BAAF31 /* Tool */ = {
			isa = PBXGroup;
			children = (
				11B1B7121F8F160000BAAF31 /* Tool.h */,
				11B1B7131F8F160000BAAF31 /* Tool.m */,
			);
			path = Tool;
			sourceTree = "<group>";
		};
		11B1B7141F8F160000BAAF31 /* VC */ = {
			isa = PBXGroup;
			children = (
				11B1B7151F8F160000BAAF31 /* TableViewController.h */,
				11B1B7161F8F160000BAAF31 /* TableViewController.m */,
			);
			path = VC;
			sourceTree = "<group>";
		};
		11B1B7171F8F160000BAAF31 /* View */ = {
			isa = PBXGroup;
			children = (
				11B1B7181F8F160000BAAF31 /* TableViewCell.h */,
				11B1B7191F8F160000BAAF31 /* TableViewCell.m */,
			);
			path = View;
			sourceTree = "<group>";
		};
/* End PBXGroup section */

/* Begin PBXNativeTarget section */
		11B1B6F71F8F159000BAAF31 /* MYTVC */ = {
			isa = PBXNativeTarget;
			buildConfigurationList = 11B1B70E1F8F159000BAAF31 /* Build configuration list for PBXNativeTarget "MYTVC" */;
			buildPhases = (
				11B1B6F41F8F159000BAAF31 /* Sources */,
				11B1B6F51F8F159000BAAF31 /* Frameworks */,
				11B1B6F61F8F159000BAAF31 /* Resources */,
			);
			buildRules = (
			);
			dependencies = (
			);
			name = MYTVC;
			productName = MYTVC;
			productReference = 11B1B6F81F8F159000BAAF31 /* MYTVC.app */;
			productType = "com.apple.product-type.application";
		};
/* End PBXNativeTarget section */

/* Begin PBXProject section */
		11B1B6F01F8F159000BAAF31 /* Project object */ = {
			isa = PBXProject;
			attributes = {
				LastUpgradeCheck = 0900;
				ORGANIZATIONNAME = Janice;
				TargetAttributes = {
					11B1B6F71F8F159000BAAF31 = {
						CreatedOnToolsVersion = 9.0;
						ProvisioningStyle = Automatic;
					};
				};
			};
			buildConfigurationList = 11B1B6F31F8F159000BAAF31 /* Build configuration list for PBXProject "MYTVC" */;
			compatibilityVersion = "Xcode 8.0";
			developmentRegion = en;
			hasScannedForEncodings = 0;
			knownRegions = (
				en,
				Base,
			);
			mainGroup = 11B1B6EF1F8F159000BAAF31;
			productRefGroup = 11B1B6F91F8F159000BAAF31 /* Products */;
			projectDirPath = "";
			projectRoot = "";
			targets = (
				11B1B6F71F8F159000BAAF31 /* MYTVC */,
			);
		};
/* End PBXProject section */

/* Begin PBXResourcesBuildPhase section */
		11B1B6F61F8F159000BAAF31 /* Resources */ = {
			isa = PBXResourcesBuildPhase;
			buildActionMask = 2147483647;
			files = (
				11B1B7081F8F159000BAAF31 /* LaunchScreen.storyboard in Resources */,
				11B1B7051F8F159000BAAF31 /* Assets.xcassets in Resources */,
				11B1B7031F8F159000BAAF31 /* Main.storyboard in Resources */,
			);
			runOnlyForDeploymentPostprocessing = 0;
		};
/* End PBXResourcesBuildPhase section */

/* Begin PBXSourcesBuildPhase section */
		11B1B6F41F8F159000BAAF31 /* Sources */ = {
			isa = PBXSourcesBuildPhase;
			buildActionMask = 2147483647;
			files = (
				11B1B71A1F8F160000BAAF31 /* Tool.m in Sources */,
				11B1B70B1F8F159000BAAF31 /* main.m in Sources */,
				11B1B6FD1F8F159000BAAF31 /* AppDelegate.m in Sources */,
				11B1B71C1F8F160000BAAF31 /* TableViewCell.m in Sources */,
				11B1B71B1F8F160000BAAF31 /* TableViewController.m in Sources */,
			);
			runOnlyForDeploymentPostprocessing = 0;
		};
/* End PBXSourcesBuildPhase section */

/* Begin PBXVariantGroup section */
		11B1B7011F8F159000BAAF31 /* Main.storyboard */ = {
			isa = PBXVariantGroup;
			children = (
				11B1B7021F8F159000BAAF31 /* Base */,
			);
			name = Main.storyboard;
			sourceTree = "<group>";
		};
		11B1B7061F8F159000BAAF31 /* LaunchScreen.storyboard */ = {
			isa = PBXVariantGroup;
			children = (
				11B1B7071F8F159000BAAF31 /* Base */,
			);
			name = LaunchScreen.storyboard;
			sourceTree = "<group>";
		};
/* End PBXVariantGroup section */

/* Begin XCBuildConfiguration section */
		11B1B70C1F8F159000BAAF31 /* Debug */ = {
			isa = XCBuildConfiguration;
			buildSettings = {
				ALWAYS_SEARCH_USER_PATHS = NO;
				CLANG_ANALYZER_NONNULL = YES;
				CLANG_ANALYZER_NUMBER_OBJECT_CONVERSION = YES_AGGRESSIVE;
				CLANG_CXX_LANGUAGE_STANDARD = "gnu++14";
				CLANG_CXX_LIBRARY = "libc++";
				CLANG_ENABLE_MODULES = YES;
				CLANG_ENABLE_OBJC_ARC = YES;
				CLANG_WARN_BLOCK_CAPTURE_AUTORELEASING = YES;
				CLANG_WARN_BOOL_CONVERSION = YES;
				CLANG_WARN_COMMA = YES;
				CLANG_WARN_CONSTANT_CONVERSION = YES;
				CLANG_WARN_DIRECT_OBJC_ISA_USAGE = YES_ERROR;
				CLANG_WARN_DOCUMENTATION_COMMENTS = YES;
				CLANG_WARN_EMPTY_BODY = YES;
				CLANG_WARN_ENUM_CONVERSION = YES;
				CLANG_WARN_INFINITE_RECURSION = YES;
				CLANG_WARN_INT_CONVERSION = YES;
				CLANG_WARN_NON_LITERAL_NULL_CONVERSION = YES;
				CLANG_WARN_OBJC_LITERAL_CONVERSION = YES;
				CLANG_WARN_OBJC_ROOT_CLASS = YES_ERROR;
				CLANG_WARN_RANGE_LOOP_ANALYSIS = YES;
				CLANG_WARN_STRICT_PROTOTYPES = YES;
				CLANG_WARN_SUSPICIOUS_MOVE = YES;
				CLANG_WARN_UNGUARDED_AVAILABILITY = YES_AGGRESSIVE;
				CLANG_WARN_UNREACHABLE_CODE = YES;
				CLANG_WARN__DUPLICATE_METHOD_MATCH = YES;
				CODE_SIGN_IDENTITY = "iPhone Developer";
				COPY_PHASE_STRIP = NO;
				DEBUG_INFORMATION_FORMAT = dwarf;
				ENABLE_STRICT_OBJC_MSGSEND = YES;
				ENABLE_TESTABILITY = YES;
				GCC_C_LANGUAGE_STANDARD = gnu11;
				GCC_DYNAMIC_NO_PIC = NO;
				GCC_NO_COMMON_BLOCKS = YES;
				GCC_OPTIMIZATION_LEVEL = 0;
				GCC_PREPROCESSOR_DEFINITIONS = (
					"DEBUG=1",
					"$(inherited)",
				);
				GCC_WARN_64_TO_32_BIT_CONVERSION = YES;
				GCC_WARN_ABOUT_RETURN_TYPE = YES_ERROR;
				GCC_WARN_UNDECLARED_SELECTOR = YES;
				GCC_WARN_UNINITIALIZED_AUTOS = YES_AGGRESSIVE;
				GCC_WARN_UNUSED_FUNCTION = YES;
				GCC_WARN_UNUSED_VARIABLE = YES;
				IPHONEOS_DEPLOYMENT_TARGET = 11.0;
				MTL_ENABLE_DEBUG_INFO = YES;
				ONLY_ACTIVE_ARCH = YES;
				SDKROOT = iphoneos;
			};
			name = Debug;
		};
		11B1B70D1F8F159000BAAF31 /* Release */ = {
			isa = XCBuildConfiguration;
			buildSettings = {
				ALWAYS_SEARCH_USER_PATHS = NO;
				CLANG_ANALYZER_NONNULL = YES;
				CLANG_ANALYZER_NUMBER_OBJECT_CONVERSION = YES_AGGRESSIVE;
				CLANG_CXX_LANGUAGE_STANDARD = "gnu++14";
				CLANG_CXX_LIBRARY = "libc++";
				CLANG_ENABLE_MODULES = YES;
				CLANG_ENABLE_OBJC_ARC = YES;
				CLANG_WARN_BLOCK_CAPTURE_AUTORELEASING = YES;
				CLANG_WARN_BOOL_CONVERSION = YES;
				CLANG_WARN_COMMA = YES;
				CLANG_WARN_CONSTANT_CONVERSION = YES;
				CLANG_WARN_DIRECT_OBJC_ISA_USAGE = YES_ERROR;
				CLANG_WARN_DOCUMENTATION_COMMENTS = YES;
				CLANG_WARN_EMPTY_BODY = YES;
				CLANG_WARN_ENUM_CONVERSION = YES;
				CLANG_WARN_INFINITE_RECURSION = YES;
				CLANG_WARN_INT_CONVERSION = YES;
				CLANG_WARN_NON_LITERAL_NULL_CONVERSION = YES;
				CLANG_WARN_OBJC_LITERAL_CONVERSION = YES;
				CLANG_WARN_OBJC_ROOT_CLASS = YES_ERROR;
				CLANG_WARN_RANGE_LOOP_ANALYSIS = YES;
				CLANG_WARN_STRICT_PROTOTYPES = YES;
				CLANG_WARN_SUSPICIOUS_MOVE = YES;
				CLANG_WARN_UNGUARDED_AVAILABILITY = YES_AGGRESSIVE;
				CLANG_WARN_UNREACHABLE_CODE = YES;
				CLANG_WARN__DUPLICATE_METHOD_MATCH = YES;
				CODE_SIGN_IDENTITY = "iPhone Developer";
				COPY_PHASE_STRIP = NO;
				DEBUG_INFORMATION_FORMAT = "dwarf-with-dsym";
				ENABLE_NS_ASSERTIONS = NO;
				ENABLE_STRICT_OBJC_MSGSEND = YES;
				GCC_C_LANGUAGE_STANDARD = gnu11;
				GCC_NO_COMMON_BLOCKS = YES;
				GCC_WARN_64_TO_32_BIT_CONVERSION = YES;
				GCC_WARN_ABOUT_RETURN_TYPE = YES_ERROR;
				GCC_WARN_UNDECLARED_SELECTOR = YES;
				GCC_WARN_UNINITIALIZED_AUTOS = YES_AGGRESSIVE;
				GCC_WARN_UNUSED_FUNCTION = YES;
				GCC_WARN_UNUSED_VARIABLE = YES;
				IPHONEOS_DEPLOYMENT_TARGET = 11.0;
				MTL_ENABLE_DEBUG_INFO = NO;
				SDKROOT = iphoneos;
				VALIDATE_PRODUCT = YES;
			};
			name = Release;
		};
		11B1B70F1F8F159000BAAF31 /* Debug */ = {
			isa = XCBuildConfiguration;
			buildSettings = {
				ASSETCATALOG_COMPILER_APPICON_NAME = AppIcon;
				CODE_SIGN_STYLE = Automatic;
				DEVELOPMENT_TEAM = D5QV77LE6R;
				INFOPLIST_FILE = MYTVC/Info.plist;
				IPHONEOS_DEPLOYMENT_TARGET = 9.0;
				LD_RUNPATH_SEARCH_PATHS = "$(inherited) @executable_path/Frameworks";
				PRODUCT_BUNDLE_IDENTIFIER = com.MYTVC;
				PRODUCT_NAME = "$(TARGET_NAME)";
				TARGETED_DEVICE_FAMILY = 1;
			};
			name = Debug;
		};
		11B1B7101F8F159000BAAF31 /* Release */ = {
			isa = XCBuildConfiguration;
			buildSettings = {
				ASSETCATALOG_COMPILER_APPICON_NAME = AppIcon;
				CODE_SIGN_STYLE = Automatic;
				DEVELOPMENT_TEAM = D5QV77LE6R;
				INFOPLIST_FILE = MYTVC/Info.plist;
				IPHONEOS_DEPLOYMENT_TARGET = 9.0;
				LD_RUNPATH_SEARCH_PATHS = "$(inherited) @executable_path/Frameworks";
				PRODUCT_BUNDLE_IDENTIFIER = com.MYTVC;
				PRODUCT_NAME = "$(TARGET_NAME)";
				TARGETED_DEVICE_FAMILY = 1;
			};
			name = Release;
		};
/* End XCBuildConfiguration section */

/* Begin XCConfigurationList section */
		11B1B6F31F8F159000BAAF31 /* Build configuration list for PBXProject "MYTVC" */ = {
			isa = XCConfigurationList;
			buildConfigurations = (
				11B1B70C1F8F159000BAAF31 /* Debug */,
				11B1B70D1F8F159000BAAF31 /* Release */,
			);
			defaultConfigurationIsVisible = 0;
			defaultConfigurationName = Release;
		};
		11B1B70E1F8F159000BAAF31 /* Build configuration list for PBXNativeTarget "MYTVC" */ = {
			isa = XCConfigurationList;
			buildConfigurations = (
				11B1B70F1F8F159000BAAF31 /* Debug */,
				11B1B7101F8F159000BAAF31 /* Release */,
			);
			defaultConfigurationIsVisible = 0;
			defaultConfigurationName = Release;
		};
/* End XCConfigurationList section */
	};
	rootObject = 11B1B6F01F8F159000BAAF31 /* Project object */;
}
